{
  "name": "eztwitbot",
  "version": "1.0.0",
  "lockfileVersion": 2,
  "requires": true,
  "packages": {
    "": {
      "version": "1.0.0",
      "license": "MIT",
      "dependencies": {
        "@hapi/iron": "^6.0.0",
        "@tinyhttp/app": "^1.3.15",
        "cookie": "^0.4.1",
        "pg": "^8.7.1",
        "poggies": "^0.3.1",
        "sirv": "^1.0.12",
        "twitter-api-v2": "^1.2.0"
      },
      "engines": {
        "node": ">12"
      }
    },
    "node_modules/@hapi/b64": {
      "version": "5.0.0",
      "resolved": "https://registry.npmjs.org/@hapi/b64/-/b64-5.0.0.tgz",
      "integrity": "sha512-ngu0tSEmrezoiIaNGG6rRvKOUkUuDdf4XTPnONHGYfSGRmDqPZX5oJL6HAdKTo1UQHECbdB4OzhWrfgVppjHUw==",
      "dependencies": {
        "@hapi/hoek": "9.x.x"
      }
    },
    "node_modules/@hapi/boom": {
      "version": "9.1.3",
      "resolved": "https://registry.npmjs.org/@hapi/boom/-/boom-9.1.3.tgz",
      "integrity": "sha512-RlrGyZ603hE/eRTZtTltocRm50HHmrmL3kGOP0SQ9MasazlW1mt/fkv4C5P/6rnpFXjwld/POFX1C8tMZE3ldg==",
      "dependencies": {
        "@hapi/hoek": "9.x.x"
      }
    },
    "node_modules/@hapi/bourne": {
      "version": "2.0.0",
      "resolved": "https://registry.npmjs.org/@hapi/bourne/-/bourne-2.0.0.tgz",
      "integrity": "sha512-WEezM1FWztfbzqIUbsDzFRVMxSoLy3HugVcux6KDDtTqzPsLE8NDRHfXvev66aH1i2oOKKar3/XDjbvh/OUBdg=="
    },
    "node_modules/@hapi/cryptiles": {
      "version": "5.1.0",
      "resolved": "https://registry.npmjs.org/@hapi/cryptiles/-/cryptiles-5.1.0.tgz",
      "integrity": "sha512-fo9+d1Ba5/FIoMySfMqPBR/7Pa29J2RsiPrl7bkwo5W5o+AN1dAYQRi4SPrPwwVxVGKjgLOEWrsvt1BonJSfLA==",
      "dependencies": {
        "@hapi/boom": "9.x.x"
      },
      "engines": {
        "node": ">=12.0.0"
      }
    },
    "node_modules/@hapi/hoek": {
      "version": "9.2.0",
      "resolved": "https://registry.npmjs.org/@hapi/hoek/-/hoek-9.2.0.tgz",
      "integrity": "sha512-sqKVVVOe5ivCaXDWivIJYVSaEgdQK9ul7a4Kity5Iw7u9+wBAPbX1RMSnLLmp7O4Vzj0WOWwMAJsTL00xwaNug=="
    },
    "node_modules/@hapi/iron": {
      "version": "6.0.0",
      "resolved": "https://registry.npmjs.org/@hapi/iron/-/iron-6.0.0.tgz",
      "integrity": "sha512-zvGvWDufiTGpTJPG1Y/McN8UqWBu0k/xs/7l++HVU535NLHXsHhy54cfEMdW7EjwKfbBfM9Xy25FmTiobb7Hvw==",
      "dependencies": {
        "@hapi/b64": "5.x.x",
        "@hapi/boom": "9.x.x",
        "@hapi/bourne": "2.x.x",
        "@hapi/cryptiles": "5.x.x",
        "@hapi/hoek": "9.x.x"
      }
    },
    "node_modules/@polka/url": {
      "version": "1.0.0-next.15",
      "resolved": "https://registry.npmjs.org/@polka/url/-/url-1.0.0-next.15.tgz",
      "integrity": "sha512-15spi3V28QdevleWBNXE4pIls3nFZmBbUGrW9IVPwiQczuSb9n76TCB4bsk8TSel+I1OkHEdPhu5QKMfY6rQHA=="
    },
    "node_modules/@tinyhttp/accepts": {
      "version": "1.3.0",
      "resolved": "https://registry.npmjs.org/@tinyhttp/accepts/-/accepts-1.3.0.tgz",
      "integrity": "sha512-YaJ4EMgVUI6JHzWO14lr6vn/BLJEoFN4Sqd20l0/oBcLLENkP8gnPtX1jB7OhIu0AE40VCweAqvSP+0/pgzB1g==",
      "dependencies": {
        "es-mime-types": "^0.0.16",
        "negotiator": "^0.6.2"
      },
      "engines": {
        "node": ">=12.4.0"
      },
      "funding": {
        "type": "individual",
        "url": "https://github.com/talentlessguy/tinyhttp?sponsor=1"
      }
    },
    "node_modules/@tinyhttp/app": {
      "version": "1.3.15",
      "resolved": "https://registry.npmjs.org/@tinyhttp/app/-/app-1.3.15.tgz",
      "integrity": "sha512-KJsth7SgL55PG8LFrM7gUbsfKL6Ua3S69Pp1vHxiZnuvOCwy+hXFSbGPvV1/7j4iA4l4+GRNDc+q4EccLHGxIw==",
      "dependencies": {
        "@tinyhttp/cookie": "1.3.0",
        "@tinyhttp/proxy-addr": "1.3.0",
        "@tinyhttp/req": "1.3.1",
        "@tinyhttp/res": "1.3.3",
        "@tinyhttp/router": "1.3.3",
        "regexparam": "^2.0.0"
      },
      "engines": {
        "node": ">=12.x"
      },
      "funding": {
        "type": "individual",
        "url": "https://github.com/tinyhttp/tinyhttp?sponsor=1"
      }
    },
    "node_modules/@tinyhttp/content-disposition": {
      "version": "1.3.0",
      "resolved": "https://registry.npmjs.org/@tinyhttp/content-disposition/-/content-disposition-1.3.0.tgz",
      "integrity": "sha512-sSj7YDVz7NcHDn6/O/I3WjtC8ZWJKKIGULoV+pgrLvJvtXK5WroE1Fm8rHRQewh2d9NMajh/7NX6NuSlF8LUaQ==",
      "engines": {
        "node": ">=12.4.0"
      },
      "funding": {
        "type": "individual",
        "url": "https://github.com/talentlessguy/tinyhttp?sponsor=1"
      }
    },
    "node_modules/@tinyhttp/cookie": {
      "version": "1.3.0",
      "resolved": "https://registry.npmjs.org/@tinyhttp/cookie/-/cookie-1.3.0.tgz",
      "integrity": "sha512-4ZVfP8WApV9ZRchv/1i0QiKdP0wxWTUNv4ZsMQrqK0p1KXA0/SvpYUTS6bp1E6Yo0dNxcKte4wJ4FCWFDcShhQ==",
      "engines": {
        "node": ">=12.4.0"
      },
      "funding": {
        "type": "individual",
        "url": "https://github.com/talentlessguy/tinyhttp?sponsor=1"
      }
    },
    "node_modules/@tinyhttp/cookie-signature": {
      "version": "1.3.0",
      "resolved": "https://registry.npmjs.org/@tinyhttp/cookie-signature/-/cookie-signature-1.3.0.tgz",
      "integrity": "sha512-xCQZyCT1S/Rn2Z3SX2gp4IDAwW9AUnjky6hKvqzmMaQqEbIk7e2GCOXW5yjndbfGNTJAxj0tuLNMF4G8aLkfMw==",
      "engines": {
        "node": ">=12.4.0"
      }
    },
    "node_modules/@tinyhttp/encode-url": {
      "version": "0.3.0",
      "resolved": "https://registry.npmjs.org/@tinyhttp/encode-url/-/encode-url-0.3.0.tgz",
      "integrity": "sha512-QM5j5t0GLucBuBePoOilcz1/zDpqX+LtUdtkPn7IvoHTNJYNxEfSUmIMPUPhyVY7mvbwvafPUCK8u1Byx0+NfQ==",
      "engines": {
        "node": ">=12.4.0"
      }
    },
    "node_modules/@tinyhttp/etag": {
      "version": "1.3.0",
      "resolved": "https://registry.npmjs.org/@tinyhttp/etag/-/etag-1.3.0.tgz",
      "integrity": "sha512-aWnDb4NuMf/UTm1H88rZgqu32E6t3iDHSHtAppiQCH4M7jRfTUEpiZjz//S+giDnOxAuYttLrXQ1+HGpgzyYUQ==",
      "engines": {
        "node": ">=12.4.0"
      }
    },
    "node_modules/@tinyhttp/forwarded": {
      "version": "1.3.0",
      "resolved": "https://registry.npmjs.org/@tinyhttp/forwarded/-/forwarded-1.3.0.tgz",
      "integrity": "sha512-U2FPtOH+DoFtd98edMRyqiquRaiuEl5I2PMUWdKaBSpiAIR96buyanQ7hScenz1MihK0AVid7wLAviaJU+Xlyg==",
      "engines": {
        "node": ">=12.4.0"
      }
    },
    "node_modules/@tinyhttp/proxy-addr": {
      "version": "1.3.0",
      "resolved": "https://registry.npmjs.org/@tinyhttp/proxy-addr/-/proxy-addr-1.3.0.tgz",
      "integrity": "sha512-7Kv6YIC/PlhUwyqAGXhg4DoQDOzbYlcGPkNv/KZAMFj9fZ6IEZyneyaClnD21hMT8qa7g3Z/66hxLa/WxiPAYA==",
      "dependencies": {
        "@tinyhttp/forwarded": "^1.3.0",
        "ipaddr.js": "^2.0.0"
      },
      "engines": {
        "node": ">=12.4.0"
      }
    },
    "node_modules/@tinyhttp/req": {
      "version": "1.3.1",
      "resolved": "https://registry.npmjs.org/@tinyhttp/req/-/req-1.3.1.tgz",
      "integrity": "sha512-nNIf3OGBtiQ9WRdqAH/cqwRXgIjQi9oQYslHdGsOzu79MZRvbkco+6FUEYvkQ9N6rLfAL+xjAXkCUk+gDJ0eLA==",
      "dependencies": {
        "@tinyhttp/accepts": "1.3.0",
        "@tinyhttp/type-is": "1.3.0",
        "@tinyhttp/url": "1.3.1",
        "es-fresh": "^0.0.8",
        "range-parser": "^1.2.1"
      },
      "engines": {
        "node": ">=12.4.0"
      }
    },
    "node_modules/@tinyhttp/res": {
      "version": "1.3.3",
      "resolved": "https://registry.npmjs.org/@tinyhttp/res/-/res-1.3.3.tgz",
      "integrity": "sha512-PSsNsKARRycIlepliaQGyaDVNr0QpMAX5gYiSSYObxh7WvQGB30G4SCFIhy3gA5WXOxjMIwRktTHGGRflxCdyg==",
      "dependencies": {
        "@tinyhttp/content-disposition": "1.3.0",
        "@tinyhttp/cookie": "1.3.0",
        "@tinyhttp/cookie-signature": "1.3.0",
        "@tinyhttp/encode-url": "0.3.0",
        "@tinyhttp/req": "1.3.1",
        "@tinyhttp/send": "1.3.2",
        "es-mime-types": "^0.0.16",
        "es-vary": "^0.0.8",
        "escape-html": "^1.0.3"
      },
      "engines": {
        "node": ">=12.4.0"
      }
    },
    "node_modules/@tinyhttp/router": {
      "version": "1.3.3",
      "resolved": "https://registry.npmjs.org/@tinyhttp/router/-/router-1.3.3.tgz",
      "integrity": "sha512-Wjch7WR8DDkQm5xeNy4i/RrYQGmNrUhqzqls+UBZW14mULjUUtKoTlDOg59RxsPx2NmzdoDbIW4jTpbw+VyNHg==",
      "engines": {
        "node": ">=12.4.0"
      }
    },
    "node_modules/@tinyhttp/send": {
      "version": "1.3.2",
      "resolved": "https://registry.npmjs.org/@tinyhttp/send/-/send-1.3.2.tgz",
      "integrity": "sha512-HQrkAr5QUxkYuYs/Sa5FJ2Uc/WerGqypptAbwszlz8hpE0P/nSs2xR2tpzRHGVihuIcNqiJaDzymhEndpj67Fg==",
      "dependencies": {
        "@tinyhttp/etag": "1.3.0",
        "es-content-type": "^0.0.10",
        "es-mime-types": "^0.0.16"
      },
      "engines": {
        "node": ">=12.4.0"
      }
    },
    "node_modules/@tinyhttp/type-is": {
      "version": "1.3.0",
      "resolved": "https://registry.npmjs.org/@tinyhttp/type-is/-/type-is-1.3.0.tgz",
      "integrity": "sha512-3NClOYPNJst9vVLcb793epRI+ZuRwl6IjxSq9LkGN8TEBbtNgv2vTmXZRWcUs2zY9Ju+NQIYecWcsG0Kx23E+g==",
      "dependencies": {
        "es-content-type": "^0.0.10",
        "es-mime-types": "^0.0.16"
      },
      "engines": {
        "node": ">=12.4.0"
      }
    },
    "node_modules/@tinyhttp/url": {
      "version": "1.3.1",
      "resolved": "https://registry.npmjs.org/@tinyhttp/url/-/url-1.3.1.tgz",
      "integrity": "sha512-72XRyVFLqbm8C9FQHYgfKNNIZBKuct13/EcA4tPnF9o8dIcL7UJtXCf+kQjdMZPJzJn51c451sxjm5p4dldbvQ==",
      "engines": {
        "node": ">=12.4.0"
      }
    },
    "node_modules/buffer-writer": {
      "version": "2.0.0",
      "resolved": "https://registry.npmjs.org/buffer-writer/-/buffer-writer-2.0.0.tgz",
      "integrity": "sha512-a7ZpuTZU1TRtnwyCNW3I5dc0wWNC3VR9S++Ewyk2HHZdrO3CQJqSpd+95Us590V6AL7JqUAH2IwZ/398PmNFgw==",
      "engines": {
        "node": ">=4"
      }
    },
    "node_modules/cookie": {
      "version": "0.4.1",
      "resolved": "https://registry.npmjs.org/cookie/-/cookie-0.4.1.tgz",
      "integrity": "sha512-ZwrFkGJxUR3EIoXtO+yVE69Eb7KlixbaeAWfBQB9vVsNn/o+Yw69gBWSSDK825hQNdN+wF8zELf3dFNl/kxkUA==",
      "engines": {
        "node": ">= 0.6"
      }
    },
    "node_modules/es-content-type": {
      "version": "0.0.10",
      "resolved": "https://registry.npmjs.org/es-content-type/-/es-content-type-0.0.10.tgz",
      "integrity": "sha512-yCgcv1M2IuFUoGZ3zE4OR2INGmZOwEuyaE5WX4MOKGpJcO8JXgVOIcXVicwnTqlxvx6qs9IJGl/Rr1+YtCkRgg==",
      "engines": {
        "node": ">=12.x"
      }
    },
    "node_modules/es-fresh": {
      "version": "0.0.8",
      "resolved": "https://registry.npmjs.org/es-fresh/-/es-fresh-0.0.8.tgz",
      "integrity": "sha512-ZM+K/T/zHJVuOhaz19iymidACazB1fl2uihBtSfRie8YzN1YM+KldVmNaU+GSmVvTOPSO2utKOhxcOinr5tKjw==",
      "engines": {
        "node": ">=12.x"
      }
    },
    "node_modules/es-mime-types": {
      "version": "0.0.16",
      "resolved": "https://registry.npmjs.org/es-mime-types/-/es-mime-types-0.0.16.tgz",
      "integrity": "sha512-84QoSLeA7cdTeHpALFNl3ZOstXfvLt426/kaOgmSxmNUOhi4GesKVkhJgIfnsqGNziYezVA8rvZUsXj7oWX2qQ==",
      "dependencies": {
        "mime-db": "^1.44.0"
      },
      "engines": {
        "node": ">=12.x"
      }
    },
    "node_modules/es-vary": {
      "version": "0.0.8",
      "resolved": "https://registry.npmjs.org/es-vary/-/es-vary-0.0.8.tgz",
      "integrity": "sha512-fiERjQiCHrXUAToNRT/sh7MtXnfei9n7cF9oVQRUEp9L5BGXsTKSPaXq8L+4v0c/ezfvuTWd/f0JSl5IBRUvSg==",
      "engines": {
        "node": ">=12.x"
      }
    },
    "node_modules/escape-html": {
      "version": "1.0.3",
      "resolved": "https://registry.npmjs.org/escape-html/-/escape-html-1.0.3.tgz",
      "integrity": "sha1-Aljq5NPQwJdN4cFpGI7wBR0dGYg="
    },
    "node_modules/inherits": {
      "version": "2.0.4",
      "resolved": "https://registry.npmjs.org/inherits/-/inherits-2.0.4.tgz",
      "integrity": "sha512-k/vGaX4/Yla3WzyMCvTQOXYeIHvqOKtnqBduzTHpzpQZzAskKMhZ2K+EnBiSM9zGSoIFeMpXKxa4dYeZIQqewQ=="
    },
    "node_modules/ipaddr.js": {
      "version": "2.0.1",
      "resolved": "https://registry.npmjs.org/ipaddr.js/-/ipaddr.js-2.0.1.tgz",
      "integrity": "sha512-1qTgH9NG+IIJ4yfKs2e6Pp1bZg8wbDbKHT21HrLIeYBTRLgMYKnMTPAuI3Lcs61nfx5h1xlXnbJtH1kX5/d/ng==",
      "engines": {
        "node": ">= 10"
      }
    },
    "node_modules/mime": {
      "version": "2.5.2",
      "resolved": "https://registry.npmjs.org/mime/-/mime-2.5.2.tgz",
      "integrity": "sha512-tqkh47FzKeCPD2PUiPB6pkbMzsCasjxAfC62/Wap5qrUWcb+sFasXUC5I3gYM5iBM8v/Qpn4UK0x+j0iHyFPDg==",
      "bin": {
        "mime": "cli.js"
      },
      "engines": {
        "node": ">=4.0.0"
      }
    },
    "node_modules/mime-db": {
      "version": "1.49.0",
      "resolved": "https://registry.npmjs.org/mime-db/-/mime-db-1.49.0.tgz",
      "integrity": "sha512-CIc8j9URtOVApSFCQIF+VBkX1RwXp/oMMOrqdyXSBXq5RWNEsRfyj1kiRnQgmNXmHxPoFIxOroKA3zcU9P+nAA==",
      "engines": {
        "node": ">= 0.6"
      }
    },
    "node_modules/negotiator": {
      "version": "0.6.2",
      "resolved": "https://registry.npmjs.org/negotiator/-/negotiator-0.6.2.tgz",
      "integrity": "sha512-hZXc7K2e+PgeI1eDBe/10Ard4ekbfrrqG8Ep+8Jmf4JID2bNg7NvCPOZN+kfF574pFQI7mum2AUqDidoKqcTOw==",
      "engines": {
        "node": ">= 0.6"
      }
    },
    "node_modules/packet-reader": {
      "version": "1.0.0",
      "resolved": "https://registry.npmjs.org/packet-reader/-/packet-reader-1.0.0.tgz",
      "integrity": "sha512-HAKu/fG3HpHFO0AA8WE8q2g+gBJaZ9MG7fcKk+IJPLTGAD6Psw4443l+9DGRbOIh3/aXr7Phy0TjilYivJo5XQ=="
    },
    "node_modules/pg": {
      "version": "8.7.1",
      "resolved": "https://registry.npmjs.org/pg/-/pg-8.7.1.tgz",
      "integrity": "sha512-7bdYcv7V6U3KAtWjpQJJBww0UEsWuh4yQ/EjNf2HeO/NnvKjpvhEIe/A/TleP6wtmSKnUnghs5A9jUoK6iDdkA==",
      "dependencies": {
        "buffer-writer": "2.0.0",
        "packet-reader": "1.0.0",
        "pg-connection-string": "^2.5.0",
        "pg-pool": "^3.4.1",
        "pg-protocol": "^1.5.0",
        "pg-types": "^2.1.0",
        "pgpass": "1.x"
      },
      "engines": {
        "node": ">= 8.0.0"
      },
      "peerDependencies": {
        "pg-native": ">=2.0.0"
      },
      "peerDependenciesMeta": {
        "pg-native": {
          "optional": true
        }
      }
    },
    "node_modules/pg-connection-string": {
      "version": "2.5.0",
      "resolved": "https://registry.npmjs.org/pg-connection-string/-/pg-connection-string-2.5.0.tgz",
      "integrity": "sha512-r5o/V/ORTA6TmUnyWZR9nCj1klXCO2CEKNRlVuJptZe85QuhFayC7WeMic7ndayT5IRIR0S0xFxFi2ousartlQ=="
    },
    "node_modules/pg-int8": {
      "version": "1.0.1",
      "resolved": "https://registry.npmjs.org/pg-int8/-/pg-int8-1.0.1.tgz",
      "integrity": "sha512-WCtabS6t3c8SkpDBUlb1kjOs7l66xsGdKpIPZsg4wR+B3+u9UAum2odSsF9tnvxg80h4ZxLWMy4pRjOsFIqQpw==",
      "engines": {
        "node": ">=4.0.0"
      }
    },
    "node_modules/pg-pool": {
      "version": "3.4.1",
      "resolved": "https://registry.npmjs.org/pg-pool/-/pg-pool-3.4.1.tgz",
      "integrity": "sha512-TVHxR/gf3MeJRvchgNHxsYsTCHQ+4wm3VIHSS19z8NC0+gioEhq1okDY1sm/TYbfoP6JLFx01s0ShvZ3puP/iQ==",
      "peerDependencies": {
        "pg": ">=8.0"
      }
    },
    "node_modules/pg-protocol": {
      "version": "1.5.0",
      "resolved": "https://registry.npmjs.org/pg-protocol/-/pg-protocol-1.5.0.tgz",
      "integrity": "sha512-muRttij7H8TqRNu/DxrAJQITO4Ac7RmX3Klyr/9mJEOBeIpgnF8f9jAfRz5d3XwQZl5qBjF9gLsUtMPJE0vezQ=="
    },
    "node_modules/pg-types": {
      "version": "2.2.0",
      "resolved": "https://registry.npmjs.org/pg-types/-/pg-types-2.2.0.tgz",
      "integrity": "sha512-qTAAlrEsl8s4OiEQY69wDvcMIdQN6wdz5ojQiOy6YRMuynxenON0O5oCpJI6lshc6scgAY8qvJ2On/p+CXY0GA==",
      "dependencies": {
        "pg-int8": "1.0.1",
        "postgres-array": "~2.0.0",
        "postgres-bytea": "~1.0.0",
        "postgres-date": "~1.0.4",
        "postgres-interval": "^1.1.0"
      },
      "engines": {
        "node": ">=4"
      }
    },
    "node_modules/pgpass": {
      "version": "1.0.4",
      "resolved": "https://registry.npmjs.org/pgpass/-/pgpass-1.0.4.tgz",
      "integrity": "sha512-YmuA56alyBq7M59vxVBfPJrGSozru8QAdoNlWuW3cz8l+UX3cWge0vTvjKhsSHSJpo3Bom8/Mm6hf0TR5GY0+w==",
      "dependencies": {
        "split2": "^3.1.1"
      }
    },
    "node_modules/poggies": {
      "version": "0.3.1",
      "resolved": "https://registry.npmjs.org/poggies/-/poggies-0.3.1.tgz",
      "integrity": "sha512-niF0KdE7lu42BP7rneCz59aD74/KmabFBgCtVDxd5CksT2/mlAj/UKP2UY7mOuMw/AsoPQv/RzJZEF8shu6xQQ=="
    },
    "node_modules/postgres-array": {
      "version": "2.0.0",
      "resolved": "https://registry.npmjs.org/postgres-array/-/postgres-array-2.0.0.tgz",
      "integrity": "sha512-VpZrUqU5A69eQyW2c5CA1jtLecCsN2U/bD6VilrFDWq5+5UIEVO7nazS3TEcHf1zuPYO/sqGvUvW62g86RXZuA==",
      "engines": {
        "node": ">=4"
      }
    },
    "node_modules/postgres-bytea": {
      "version": "1.0.0",
      "resolved": "https://registry.npmjs.org/postgres-bytea/-/postgres-bytea-1.0.0.tgz",
      "integrity": "sha1-AntTPAqokOJtFy1Hz5zOzFIazTU=",
      "engines": {
        "node": ">=0.10.0"
      }
    },
    "node_modules/postgres-date": {
      "version": "1.0.7",
      "resolved": "https://registry.npmjs.org/postgres-date/-/postgres-date-1.0.7.tgz",
      "integrity": "sha512-suDmjLVQg78nMK2UZ454hAG+OAW+HQPZ6n++TNDUX+L0+uUlLywnoxJKDou51Zm+zTCjrCl0Nq6J9C5hP9vK/Q==",
      "engines": {
        "node": ">=0.10.0"
      }
    },
    "node_modules/postgres-interval": {
      "version": "1.2.0",
      "resolved": "https://registry.npmjs.org/postgres-interval/-/postgres-interval-1.2.0.tgz",
      "integrity": "sha512-9ZhXKM/rw350N1ovuWHbGxnGh/SNJ4cnxHiM0rxE4VN41wsg8P8zWn9hv/buK00RP4WvlOyr/RBDiptyxVbkZQ==",
      "dependencies": {
        "xtend": "^4.0.0"
      },
      "engines": {
        "node": ">=0.10.0"
      }
    },
    "node_modules/range-parser": {
      "version": "1.2.1",
      "resolved": "https://registry.npmjs.org/range-parser/-/range-parser-1.2.1.tgz",
      "integrity": "sha512-Hrgsx+orqoygnmhFbKaHE6c296J+HTAQXoxEF6gNupROmmGJRoyzfG3ccAveqCBrwr/2yxQ5BVd/GTl5agOwSg==",
      "engines": {
        "node": ">= 0.6"
      }
    },
    "node_modules/readable-stream": {
      "version": "3.6.0",
      "resolved": "https://registry.npmjs.org/readable-stream/-/readable-stream-3.6.0.tgz",
      "integrity": "sha512-BViHy7LKeTz4oNnkcLJ+lVSL6vpiFeX6/d3oSH8zCW7UxP2onchk+vTGB143xuFjHS3deTgkKoXXymXqymiIdA==",
      "dependencies": {
        "inherits": "^2.0.3",
        "string_decoder": "^1.1.1",
        "util-deprecate": "^1.0.1"
      },
      "engines": {
        "node": ">= 6"
      }
    },
    "node_modules/regexparam": {
      "version": "2.0.0",
      "resolved": "https://registry.npmjs.org/regexparam/-/regexparam-2.0.0.tgz",
      "integrity": "sha512-gJKwd2MVPWHAIFLsaYDZfyKzHNS4o7E/v8YmNf44vmeV2e4YfVoDToTOKTvE7ab68cRJ++kLuEXJBaEeJVt5ow==",
      "engines": {
        "node": ">=8"
      }
    },
    "node_modules/safe-buffer": {
      "version": "5.2.1",
      "resolved": "https://registry.npmjs.org/safe-buffer/-/safe-buffer-5.2.1.tgz",
      "integrity": "sha512-rp3So07KcdmmKbGvgaNxQSJr7bGVSVk5S9Eq1F+ppbRo70+YeaDxkw5Dd8NPN+GD6bjnYm2VuPuCXmpuYvmCXQ==",
      "funding": [
        {
          "type": "github",
          "url": "https://github.com/sponsors/feross"
        },
        {
          "type": "patreon",
          "url": "https://www.patreon.com/feross"
        },
        {
          "type": "consulting",
          "url": "https://feross.org/support"
        }
      ]
    },
    "node_modules/sirv": {
      "version": "1.0.12",
      "resolved": "https://registry.npmjs.org/sirv/-/sirv-1.0.12.tgz",
      "integrity": "sha512-+jQoCxndz7L2tqQL4ZyzfDhky0W/4ZJip3XoOuxyQWnAwMxindLl3Xv1qT4x1YX/re0leShvTm8Uk0kQspGhBg==",
      "dependencies": {
        "@polka/url": "^1.0.0-next.15",
        "mime": "^2.3.1",
        "totalist": "^1.0.0"
      },
      "engines": {
        "node": ">= 10"
      }
    },
    "node_modules/split2": {
      "version": "3.2.2",
      "resolved": "https://registry.npmjs.org/split2/-/split2-3.2.2.tgz",
      "integrity": "sha512-9NThjpgZnifTkJpzTZ7Eue85S49QwpNhZTq6GRJwObb6jnLFNGB7Qm73V5HewTROPyxD0C29xqmaI68bQtV+hg==",
      "dependencies": {
        "readable-stream": "^3.0.0"
      }
    },
    "node_modules/string_decoder": {
      "version": "1.3.0",
      "resolved": "https://registry.npmjs.org/string_decoder/-/string_decoder-1.3.0.tgz",
      "integrity": "sha512-hkRX8U1WjJFd8LsDJ2yQ/wWWxaopEsABU1XfkM8A+j0+85JAGppt16cr1Whg6KIbb4okU6Mql6BOj+uup/wKeA==",
      "dependencies": {
        "safe-buffer": "~5.2.0"
      }
    },
    "node_modules/totalist": {
      "version": "1.1.0",
      "resolved": "https://registry.npmjs.org/totalist/-/totalist-1.1.0.tgz",
      "integrity": "sha512-gduQwd1rOdDMGxFG1gEvhV88Oirdo2p+KjoYFU7k2g+i7n6AFFbDQ5kMPUsW0pNbfQsB/cwXvT1i4Bue0s9g5g==",
      "engines": {
        "node": ">=6"
      }
    },
    "node_modules/twitter-api-v2": {
      "version": "1.2.0",
      "resolved": "https://registry.npmjs.org/twitter-api-v2/-/twitter-api-v2-1.2.0.tgz",
      "integrity": "sha512-XqZ3mj2ynIYVLzVs4bj/xxMicpLbS51cGl+TmWe0iDPbJsqW5XA8CyoVrbE78Bd6ZB/uhmjOK0moDL8OrnKJKA=="
    },
    "node_modules/util-deprecate": {
      "version": "1.0.2",
      "resolved": "https://registry.npmjs.org/util-deprecate/-/util-deprecate-1.0.2.tgz",
      "integrity": "sha1-RQ1Nyfpw3nMnYvvS1KKJgUGaDM8="
    },
    "node_modules/xtend": {
      "version": "4.0.2",
      "resolved": "https://registry.npmjs.org/xtend/-/xtend-4.0.2.tgz",
      "integrity": "sha512-LKYU1iAXJXUgAXn9URjiu+MWhyUXHsvfp7mcuYm9dSUKK0/CjtrUwFAxD82/mCWbtLsGjFIad0wIsod4zrTAEQ==",
      "engines": {
        "node": ">=0.4"
      }
    }
  },
  "dependencies": {
    "@hapi/b64": {
      "version": "5.0.0",
      "resolved": "https://registry.npmjs.org/@hapi/b64/-/b64-5.0.0.tgz",
      "integrity": "sha512-ngu0tSEmrezoiIaNGG6rRvKOUkUuDdf4XTPnONHGYfSGRmDqPZX5oJL6HAdKTo1UQHECbdB4OzhWrfgVppjHUw==",
      "requires": {
        "@hapi/hoek": "9.x.x"
      }
    },
    "@hapi/boom": {
      "version": "9.1.3",
      "resolved": "https://registry.npmjs.org/@hapi/boom/-/boom-9.1.3.tgz",
      "integrity": "sha512-RlrGyZ603hE/eRTZtTltocRm50HHmrmL3kGOP0SQ9MasazlW1mt/fkv4C5P/6rnpFXjwld/POFX1C8tMZE3ldg==",
      "requires": {
        "@hapi/hoek": "9.x.x"
      }
    },
    "@hapi/bourne": {
      "version": "2.0.0",
      "resolved": "https://registry.npmjs.org/@hapi/bourne/-/bourne-2.0.0.tgz",
      "integrity": "sha512-WEezM1FWztfbzqIUbsDzFRVMxSoLy3HugVcux6KDDtTqzPsLE8NDRHfXvev66aH1i2oOKKar3/XDjbvh/OUBdg=="
    },
    "@hapi/cryptiles": {
      "version": "5.1.0",
      "resolved": "https://registry.npmjs.org/@hapi/cryptiles/-/cryptiles-5.1.0.tgz",
      "integrity": "sha512-fo9+d1Ba5/FIoMySfMqPBR/7Pa29J2RsiPrl7bkwo5W5o+AN1dAYQRi4SPrPwwVxVGKjgLOEWrsvt1BonJSfLA==",
      "requires": {
        "@hapi/boom": "9.x.x"
      }
    },
    "@hapi/hoek": {
      "version": "9.2.0",
      "resolved": "https://registry.npmjs.org/@hapi/hoek/-/hoek-9.2.0.tgz",
      "integrity": "sha512-sqKVVVOe5ivCaXDWivIJYVSaEgdQK9ul7a4Kity5Iw7u9+wBAPbX1RMSnLLmp7O4Vzj0WOWwMAJsTL00xwaNug=="
    },
    "@hapi/iron": {
      "version": "6.0.0",
      "resolved": "https://registry.npmjs.org/@hapi/iron/-/iron-6.0.0.tgz",
      "integrity": "sha512-zvGvWDufiTGpTJPG1Y/McN8UqWBu0k/xs/7l++HVU535NLHXsHhy54cfEMdW7EjwKfbBfM9Xy25FmTiobb7Hvw==",
      "requires": {
        "@hapi/b64": "5.x.x",
        "@hapi/boom": "9.x.x",
        "@hapi/bourne": "2.x.x",
        "@hapi/cryptiles": "5.x.x",
        "@hapi/hoek": "9.x.x"
      }
    },
    "@polka/url": {
      "version": "1.0.0-next.15",
      "resolved": "https://registry.npmjs.org/@polka/url/-/url-1.0.0-next.15.tgz",
      "integrity": "sha512-15spi3V28QdevleWBNXE4pIls3nFZmBbUGrW9IVPwiQczuSb9n76TCB4bsk8TSel+I1OkHEdPhu5QKMfY6rQHA=="
    },
    "@tinyhttp/accepts": {
      "version": "1.3.0",
      "resolved": "https://registry.npmjs.org/@tinyhttp/accepts/-/accepts-1.3.0.tgz",
      "integrity": "sha512-YaJ4EMgVUI6JHzWO14lr6vn/BLJEoFN4Sqd20l0/oBcLLENkP8gnPtX1jB7OhIu0AE40VCweAqvSP+0/pgzB1g==",
      "requires": {
        "es-mime-types": "^0.0.16",
        "negotiator": "^0.6.2"
      }
    },
    "@tinyhttp/app": {
      "version": "1.3.15",
      "resolved": "https://registry.npmjs.org/@tinyhttp/app/-/app-1.3.15.tgz",
      "integrity": "sha512-KJsth7SgL55PG8LFrM7gUbsfKL6Ua3S69Pp1vHxiZnuvOCwy+hXFSbGPvV1/7j4iA4l4+GRNDc+q4EccLHGxIw==",
      "requires": {
        "@tinyhttp/cookie": "1.3.0",
        "@tinyhttp/proxy-addr": "1.3.0",
        "@tinyhttp/req": "1.3.1",
        "@tinyhttp/res": "1.3.3",
        "@tinyhttp/router": "1.3.3",
        "regexparam": "^2.0.0"
      }
    },
    "@tinyhttp/content-disposition": {
      "version": "1.3.0",
      "resolved": "https://registry.npmjs.org/@tinyhttp/content-disposition/-/content-disposition-1.3.0.tgz",
      "integrity": "sha512-sSj7YDVz7NcHDn6/O/I3WjtC8ZWJKKIGULoV+pgrLvJvtXK5WroE1Fm8rHRQewh2d9NMajh/7NX6NuSlF8LUaQ=="
    },
    "@tinyhttp/cookie": {
      "version": "1.3.0",
      "resolved": "https://registry.npmjs.org/@tinyhttp/cookie/-/cookie-1.3.0.tgz",
      "integrity": "sha512-4ZVfP8WApV9ZRchv/1i0QiKdP0wxWTUNv4ZsMQrqK0p1KXA0/SvpYUTS6bp1E6Yo0dNxcKte4wJ4FCWFDcShhQ=="
    },
    "@tinyhttp/cookie-signature": {
      "version": "1.3.0",
      "resolved": "https://registry.npmjs.org/@tinyhttp/cookie-signature/-/cookie-signature-1.3.0.tgz",
      "integrity": "sha512-xCQZyCT1S/Rn2Z3SX2gp4IDAwW9AUnjky6hKvqzmMaQqEbIk7e2GCOXW5yjndbfGNTJAxj0tuLNMF4G8aLkfMw=="
    },
    "@tinyhttp/encode-url": {
      "version": "0.3.0",
      "resolved": "https://registry.npmjs.org/@tinyhttp/encode-url/-/encode-url-0.3.0.tgz",
      "integrity": "sha512-QM5j5t0GLucBuBePoOilcz1/zDpqX+LtUdtkPn7IvoHTNJYNxEfSUmIMPUPhyVY7mvbwvafPUCK8u1Byx0+NfQ=="
    },
    "@tinyhttp/etag": {
      "version": "1.3.0",
      "resolved": "https://registry.npmjs.org/@tinyhttp/etag/-/etag-1.3.0.tgz",
      "integrity": "sha512-aWnDb4NuMf/UTm1H88rZgqu32E6t3iDHSHtAppiQCH4M7jRfTUEpiZjz//S+giDnOxAuYttLrXQ1+HGpgzyYUQ=="
    },
    "@tinyhttp/forwarded": {
      "version": "1.3.0",
      "resolved": "https://registry.npmjs.org/@tinyhttp/forwarded/-/forwarded-1.3.0.tgz",
      "integrity": "sha512-U2FPtOH+DoFtd98edMRyqiquRaiuEl5I2PMUWdKaBSpiAIR96buyanQ7hScenz1MihK0AVid7wLAviaJU+Xlyg=="
    },
    "@tinyhttp/proxy-addr": {
      "version": "1.3.0",
      "resolved": "https://registry.npmjs.org/@tinyhttp/proxy-addr/-/proxy-addr-1.3.0.tgz",
      "integrity": "sha512-7Kv6YIC/PlhUwyqAGXhg4DoQDOzbYlcGPkNv/KZAMFj9fZ6IEZyneyaClnD21hMT8qa7g3Z/66hxLa/WxiPAYA==",
      "requires": {
        "@tinyhttp/forwarded": "^1.3.0",
        "ipaddr.js": "^2.0.0"
      }
    },
    "@tinyhttp/req": {
      "version": "1.3.1",
      "resolved": "https://registry.npmjs.org/@tinyhttp/req/-/req-1.3.1.tgz",
      "integrity": "sha512-nNIf3OGBtiQ9WRdqAH/cqwRXgIjQi9oQYslHdGsOzu79MZRvbkco+6FUEYvkQ9N6rLfAL+xjAXkCUk+gDJ0eLA==",
      "requires": {
        "@tinyhttp/accepts": "1.3.0",
        "@tinyhttp/type-is": "1.3.0",
        "@tinyhttp/url": "1.3.1",
        "es-fresh": "^0.0.8",
        "range-parser": "^1.2.1"
      }
    },
    "@tinyhttp/res": {
      "version": "1.3.3",
      "resolved": "https://registry.npmjs.org/@tinyhttp/res/-/res-1.3.3.tgz",
      "integrity": "sha512-PSsNsKARRycIlepliaQGyaDVNr0QpMAX5gYiSSYObxh7WvQGB30G4SCFIhy3gA5WXOxjMIwRktTHGGRflxCdyg==",
      "requires": {
        "@tinyhttp/content-disposition": "1.3.0",
        "@tinyhttp/cookie": "1.3.0",
        "@tinyhttp/cookie-signature": "1.3.0",
        "@tinyhttp/encode-url": "0.3.0",
        "@tinyhttp/req": "1.3.1",
        "@tinyhttp/send": "1.3.2",
        "es-mime-types": "^0.0.16",
        "es-vary": "^0.0.8",
        "escape-html": "^1.0.3"
      }
    },
    "@tinyhttp/router": {
      "version": "1.3.3",
      "resolved": "https://registry.npmjs.org/@tinyhttp/router/-/router-1.3.3.tgz",
      "integrity": "sha512-Wjch7WR8DDkQm5xeNy4i/RrYQGmNrUhqzqls+UBZW14mULjUUtKoTlDOg59RxsPx2NmzdoDbIW4jTpbw+VyNHg=="
    },
    "@tinyhttp/send": {
      "version": "1.3.2",
      "resolved": "https://registry.npmjs.org/@tinyhttp/send/-/send-1.3.2.tgz",
      "integrity": "sha512-HQrkAr5QUxkYuYs/Sa5FJ2Uc/WerGqypptAbwszlz8hpE0P/nSs2xR2tpzRHGVihuIcNqiJaDzymhEndpj67Fg==",
      "requires": {
        "@tinyhttp/etag": "1.3.0",
        "es-content-type": "^0.0.10",
        "es-mime-types": "^0.0.16"
      }
    },
    "@tinyhttp/type-is": {
      "version": "1.3.0",
      "resolved": "https://registry.npmjs.org/@tinyhttp/type-is/-/type-is-1.3.0.tgz",
      "integrity": "sha512-3NClOYPNJst9vVLcb793epRI+ZuRwl6IjxSq9LkGN8TEBbtNgv2vTmXZRWcUs2zY9Ju+NQIYecWcsG0Kx23E+g==",
      "requires": {
        "es-content-type": "^0.0.10",
        "es-mime-types": "^0.0.16"
      }
    },
    "@tinyhttp/url": {
      "version": "1.3.1",
      "resolved": "https://registry.npmjs.org/@tinyhttp/url/-/url-1.3.1.tgz",
      "integrity": "sha512-72XRyVFLqbm8C9FQHYgfKNNIZBKuct13/EcA4tPnF9o8dIcL7UJtXCf+kQjdMZPJzJn51c451sxjm5p4dldbvQ=="
    },
    "buffer-writer": {
      "version": "2.0.0",
      "resolved": "https://registry.npmjs.org/buffer-writer/-/buffer-writer-2.0.0.tgz",
      "integrity": "sha512-a7ZpuTZU1TRtnwyCNW3I5dc0wWNC3VR9S++Ewyk2HHZdrO3CQJqSpd+95Us590V6AL7JqUAH2IwZ/398PmNFgw=="
    },
    "cookie": {
      "version": "0.4.1",
      "resolved": "https://registry.npmjs.org/cookie/-/cookie-0.4.1.tgz",
      "integrity": "sha512-ZwrFkGJxUR3EIoXtO+yVE69Eb7KlixbaeAWfBQB9vVsNn/o+Yw69gBWSSDK825hQNdN+wF8zELf3dFNl/kxkUA=="
    },
    "es-content-type": {
      "version": "0.0.10",
      "resolved": "https://registry.npmjs.org/es-content-type/-/es-content-type-0.0.10.tgz",
      "integrity": "sha512-yCgcv1M2IuFUoGZ3zE4OR2INGmZOwEuyaE5WX4MOKGpJcO8JXgVOIcXVicwnTqlxvx6qs9IJGl/Rr1+YtCkRgg=="
    },
    "es-fresh": {
      "version": "0.0.8",
      "resolved": "https://registry.npmjs.org/es-fresh/-/es-fresh-0.0.8.tgz",
      "integrity": "sha512-ZM+K/T/zHJVuOhaz19iymidACazB1fl2uihBtSfRie8YzN1YM+KldVmNaU+GSmVvTOPSO2utKOhxcOinr5tKjw=="
    },
    "es-mime-types": {
      "version": "0.0.16",
      "resolved": "https://registry.npmjs.org/es-mime-types/-/es-mime-types-0.0.16.tgz",
      "integrity": "sha512-84QoSLeA7cdTeHpALFNl3ZOstXfvLt426/kaOgmSxmNUOhi4GesKVkhJgIfnsqGNziYezVA8rvZUsXj7oWX2qQ==",
      "requires": {
        "mime-db": "^1.44.0"
      }
    },
    "es-vary": {
      "version": "0.0.8",
      "resolved": "https://registry.npmjs.org/es-vary/-/es-vary-0.0.8.tgz",
      "integrity": "sha512-fiERjQiCHrXUAToNRT/sh7MtXnfei9n7cF9oVQRUEp9L5BGXsTKSPaXq8L+4v0c/ezfvuTWd/f0JSl5IBRUvSg=="
    },
    "escape-html": {
      "version": "1.0.3",
      "resolved": "https://registry.npmjs.org/escape-html/-/escape-html-1.0.3.tgz",
      "integrity": "sha1-Aljq5NPQwJdN4cFpGI7wBR0dGYg="
    },
    "inherits": {
      "version": "2.0.4",
      "resolved": "https://registry.npmjs.org/inherits/-/inherits-2.0.4.tgz",
      "integrity": "sha512-k/vGaX4/Yla3WzyMCvTQOXYeIHvqOKtnqBduzTHpzpQZzAskKMhZ2K+EnBiSM9zGSoIFeMpXKxa4dYeZIQqewQ=="
    },
    "ipaddr.js": {
      "version": "2.0.1",
      "resolved": "https://registry.npmjs.org/ipaddr.js/-/ipaddr.js-2.0.1.tgz",
      "integrity": "sha512-1qTgH9NG+IIJ4yfKs2e6Pp1bZg8wbDbKHT21HrLIeYBTRLgMYKnMTPAuI3Lcs61nfx5h1xlXnbJtH1kX5/d/ng=="
    },
    "mime": {
      "version": "2.5.2",
      "resolved": "https://registry.npmjs.org/mime/-/mime-2.5.2.tgz",
      "integrity": "sha512-tqkh47FzKeCPD2PUiPB6pkbMzsCasjxAfC62/Wap5qrUWcb+sFasXUC5I3gYM5iBM8v/Qpn4UK0x+j0iHyFPDg=="
    },
    "mime-db": {
      "version": "1.49.0",
      "resolved": "https://registry.npmjs.org/mime-db/-/mime-db-1.49.0.tgz",
      "integrity": "sha512-CIc8j9URtOVApSFCQIF+VBkX1RwXp/oMMOrqdyXSBXq5RWNEsRfyj1kiRnQgmNXmHxPoFIxOroKA3zcU9P+nAA=="
    },
    "negotiator": {
      "version": "0.6.2",
      "resolved": "https://registry.npmjs.org/negotiator/-/negotiator-0.6.2.tgz",
      "integrity": "sha512-hZXc7K2e+PgeI1eDBe/10Ard4ekbfrrqG8Ep+8Jmf4JID2bNg7NvCPOZN+kfF574pFQI7mum2AUqDidoKqcTOw=="
    },
    "packet-reader": {
      "version": "1.0.0",
      "resolved": "https://registry.npmjs.org/packet-reader/-/packet-reader-1.0.0.tgz",
      "integrity": "sha512-HAKu/fG3HpHFO0AA8WE8q2g+gBJaZ9MG7fcKk+IJPLTGAD6Psw4443l+9DGRbOIh3/aXr7Phy0TjilYivJo5XQ=="
    },
    "pg": {
      "version": "8.7.1",
      "resolved": "https://registry.npmjs.org/pg/-/pg-8.7.1.tgz",
      "integrity": "sha512-7bdYcv7V6U3KAtWjpQJJBww0UEsWuh4yQ/EjNf2HeO/NnvKjpvhEIe/A/TleP6wtmSKnUnghs5A9jUoK6iDdkA==",
      "requires": {
        "buffer-writer": "2.0.0",
        "packet-reader": "1.0.0",
        "pg-connection-string": "^2.5.0",
        "pg-pool": "^3.4.1",
        "pg-protocol": "^1.5.0",
        "pg-types": "^2.1.0",
        "pgpass": "1.x"
      }
    },
    "pg-connection-string": {
      "version": "2.5.0",
      "resolved": "https://registry.npmjs.org/pg-connection-string/-/pg-connection-string-2.5.0.tgz",
      "integrity": "sha512-r5o/V/ORTA6TmUnyWZR9nCj1klXCO2CEKNRlVuJptZe85QuhFayC7WeMic7ndayT5IRIR0S0xFxFi2ousartlQ=="
    },
    "pg-int8": {
      "version": "1.0.1",
      "resolved": "https://registry.npmjs.org/pg-int8/-/pg-int8-1.0.1.tgz",
      "integrity": "sha512-WCtabS6t3c8SkpDBUlb1kjOs7l66xsGdKpIPZsg4wR+B3+u9UAum2odSsF9tnvxg80h4ZxLWMy4pRjOsFIqQpw=="
    },
    "pg-pool": {
      "version": "3.4.1",
      "resolved": "https://registry.npmjs.org/pg-pool/-/pg-pool-3.4.1.tgz",
      "integrity": "sha512-TVHxR/gf3MeJRvchgNHxsYsTCHQ+4wm3VIHSS19z8NC0+gioEhq1okDY1sm/TYbfoP6JLFx01s0ShvZ3puP/iQ==",
      "requires": {}
    },
    "pg-protocol": {
      "version": "1.5.0",
      "resolved": "https://registry.npmjs.org/pg-protocol/-/pg-protocol-1.5.0.tgz",
      "integrity": "sha512-muRttij7H8TqRNu/DxrAJQITO4Ac7RmX3Klyr/9mJEOBeIpgnF8f9jAfRz5d3XwQZl5qBjF9gLsUtMPJE0vezQ=="
    },
    "pg-types": {
      "version": "2.2.0",
      "resolved": "https://registry.npmjs.org/pg-types/-/pg-types-2.2.0.tgz",
      "integrity": "sha512-qTAAlrEsl8s4OiEQY69wDvcMIdQN6wdz5ojQiOy6YRMuynxenON0O5oCpJI6lshc6scgAY8qvJ2On/p+CXY0GA==",
      "requires": {
        "pg-int8": "1.0.1",
        "postgres-array": "~2.0.0",
        "postgres-bytea": "~1.0.0",
        "postgres-date": "~1.0.4",
        "postgres-interval": "^1.1.0"
      }
    },
    "pgpass": {
      "version": "1.0.4",
      "resolved": "https://registry.npmjs.org/pgpass/-/pgpass-1.0.4.tgz",
      "integrity": "sha512-YmuA56alyBq7M59vxVBfPJrGSozru8QAdoNlWuW3cz8l+UX3cWge0vTvjKhsSHSJpo3Bom8/Mm6hf0TR5GY0+w==",
      "requires": {
        "split2": "^3.1.1"
      }
    },
    "poggies": {
      "version": "0.3.1",
      "resolved": "https://registry.npmjs.org/poggies/-/poggies-0.3.1.tgz",
      "integrity": "sha512-niF0KdE7lu42BP7rneCz59aD74/KmabFBgCtVDxd5CksT2/mlAj/UKP2UY7mOuMw/AsoPQv/RzJZEF8shu6xQQ=="
    },
    "postgres-array": {
      "version": "2.0.0",
      "resolved": "https://registry.npmjs.org/postgres-array/-/postgres-array-2.0.0.tgz",
      "integrity": "sha512-VpZrUqU5A69eQyW2c5CA1jtLecCsN2U/bD6VilrFDWq5+5UIEVO7nazS3TEcHf1zuPYO/sqGvUvW62g86RXZuA=="
    },
    "postgres-bytea": {
      "version": "1.0.0",
      "resolved": "https://registry.npmjs.org/postgres-bytea/-/postgres-bytea-1.0.0.tgz",
      "integrity": "sha1-AntTPAqokOJtFy1Hz5zOzFIazTU="
    },
    "postgres-date": {
      "version": "1.0.7",
      "resolved": "https://registry.npmjs.org/postgres-date/-/postgres-date-1.0.7.tgz",
      "integrity": "sha512-suDmjLVQg78nMK2UZ454hAG+OAW+HQPZ6n++TNDUX+L0+uUlLywnoxJKDou51Zm+zTCjrCl0Nq6J9C5hP9vK/Q=="
    },
    "postgres-interval": {
      "version": "1.2.0",
      "resolved": "https://registry.npmjs.org/postgres-interval/-/postgres-interval-1.2.0.tgz",
      "integrity": "sha512-9ZhXKM/rw350N1ovuWHbGxnGh/SNJ4cnxHiM0rxE4VN41wsg8P8zWn9hv/buK00RP4WvlOyr/RBDiptyxVbkZQ==",
      "requires": {
        "xtend": "^4.0.0"
      }
    },
    "range-parser": {
      "version": "1.2.1",
      "resolved": "https://registry.npmjs.org/range-parser/-/range-parser-1.2.1.tgz",
      "integrity": "sha512-Hrgsx+orqoygnmhFbKaHE6c296J+HTAQXoxEF6gNupROmmGJRoyzfG3ccAveqCBrwr/2yxQ5BVd/GTl5agOwSg=="
    },
    "readable-stream": {
      "version": "3.6.0",
      "resolved": "https://registry.npmjs.org/readable-stream/-/readable-stream-3.6.0.tgz",
      "integrity": "sha512-BViHy7LKeTz4oNnkcLJ+lVSL6vpiFeX6/d3oSH8zCW7UxP2onchk+vTGB143xuFjHS3deTgkKoXXymXqymiIdA==",
      "requires": {
        "inherits": "^2.0.3",
        "string_decoder": "^1.1.1",
        "util-deprecate": "^1.0.1"
      }
    },
    "regexparam": {
      "version": "2.0.0",
      "resolved": "https://registry.npmjs.org/regexparam/-/regexparam-2.0.0.tgz",
      "integrity": "sha512-gJKwd2MVPWHAIFLsaYDZfyKzHNS4o7E/v8YmNf44vmeV2e4YfVoDToTOKTvE7ab68cRJ++kLuEXJBaEeJVt5ow=="
    },
    "safe-buffer": {
      "version": "5.2.1",
      "resolved": "https://registry.npmjs.org/safe-buffer/-/safe-buffer-5.2.1.tgz",
      "integrity": "sha512-rp3So07KcdmmKbGvgaNxQSJr7bGVSVk5S9Eq1F+ppbRo70+YeaDxkw5Dd8NPN+GD6bjnYm2VuPuCXmpuYvmCXQ=="
    },
    "sirv": {
      "version": "1.0.12",
      "resolved": "https://registry.npmjs.org/sirv/-/sirv-1.0.12.tgz",
      "integrity": "sha512-+jQoCxndz7L2tqQL4ZyzfDhky0W/4ZJip3XoOuxyQWnAwMxindLl3Xv1qT4x1YX/re0leShvTm8Uk0kQspGhBg==",
      "requires": {
        "@polka/url": "^1.0.0-next.15",
        "mime": "^2.3.1",
        "totalist": "^1.0.0"
      }
    },
    "split2": {
      "version": "3.2.2",
      "resolved": "https://registry.npmjs.org/split2/-/split2-3.2.2.tgz",
      "integrity": "sha512-9NThjpgZnifTkJpzTZ7Eue85S49QwpNhZTq6GRJwObb6jnLFNGB7Qm73V5HewTROPyxD0C29xqmaI68bQtV+hg==",
      "requires": {
        "readable-stream": "^3.0.0"
      }
    },
    "string_decoder": {
      "version": "1.3.0",
      "resolved": "https://registry.npmjs.org/string_decoder/-/string_decoder-1.3.0.tgz",
      "integrity": "sha512-hkRX8U1WjJFd8LsDJ2yQ/wWWxaopEsABU1XfkM8A+j0+85JAGppt16cr1Whg6KIbb4okU6Mql6BOj+uup/wKeA==",
      "requires": {
        "safe-buffer": "~5.2.0"
      }
    },
    "totalist": {
      "version": "1.1.0",
      "resolved": "https://registry.npmjs.org/totalist/-/totalist-1.1.0.tgz",
      "integrity": "sha512-gduQwd1rOdDMGxFG1gEvhV88Oirdo2p+KjoYFU7k2g+i7n6AFFbDQ5kMPUsW0pNbfQsB/cwXvT1i4Bue0s9g5g=="
    },
    "twitter-api-v2": {
      "version": "1.2.0",
      "resolved": "https://registry.npmjs.org/twitter-api-v2/-/twitter-api-v2-1.2.0.tgz",
      "integrity": "sha512-XqZ3mj2ynIYVLzVs4bj/xxMicpLbS51cGl+TmWe0iDPbJsqW5XA8CyoVrbE78Bd6ZB/uhmjOK0moDL8OrnKJKA=="
    },
    "util-deprecate": {
      "version": "1.0.2",
      "resolved": "https://registry.npmjs.org/util-deprecate/-/util-deprecate-1.0.2.tgz",
      "integrity": "sha1-RQ1Nyfpw3nMnYvvS1KKJgUGaDM8="
    },
    "xtend": {
      "version": "4.0.2",
      "resolved": "https://registry.npmjs.org/xtend/-/xtend-4.0.2.tgz",
      "integrity": "sha512-LKYU1iAXJXUgAXn9URjiu+MWhyUXHsvfp7mcuYm9dSUKK0/CjtrUwFAxD82/mCWbtLsGjFIad0wIsod4zrTAEQ=="
    }
  }
}
